<?xml version="1.0" encoding="utf-8"?>
<Project ToolsVersion="4.0" xmlns="http://schemas.microsoft.com/developer/msbuild/2003">
  <ItemGroup>
    <Filter Include="源文件">
      <UniqueIdentifier>{4FC737F1-C7A5-4376-A066-2A32D752A2FF}</UniqueIdentifier>
      <Extensions>cpp;c;cc;cxx;c++;cppm;ixx;def;odl;idl;hpj;bat;asm;asmx</Extensions>
    </Filter>
    <Filter Include="头文件">
      <UniqueIdentifier>{93995380-89BD-4b04-88EB-625FBE52EBFB}</UniqueIdentifier>
      <Extensions>h;hh;hpp;hxx;h++;hm;inl;inc;ipp;xsd</Extensions>
    </Filter>
    <Filter Include="资源文件">
      <UniqueIdentifier>{67DA6AB6-F800-4c08-8B7A-83BB121AAD01}</UniqueIdentifier>
      <Extensions>rc;ico;cur;bmp;dlg;rc2;rct;bin;rgs;gif;jpg;jpeg;jpe;resx;tiff;tif;png;wav;mfcribbon-ms</Extensions>
    </Filter>
    <Filter Include="头文件\Modules">
      <UniqueIdentifier>{8a0f5ae1-5c28-41cd-8556-953405c51c59}</UniqueIdentifier>
    </Filter>
    <Filter Include="头文件\Tools">
      <UniqueIdentifier>{10deb864-93b4-4d3f-a206-79cdc7438f42}</UniqueIdentifier>
    </Filter>
  </ItemGroup>
  <ItemGroup>
    <ClCompile Include="BombManualAssistantPP.cpp">
      <Filter>源文件</Filter>
    </ClCompile>
    <ClCompile Include="ImageDisplay.cpp">
      <Filter>源文件</Filter>
    </ClCompile>
  </ItemGroup>
  <ItemGroup>
    <ClInclude Include="Module1.h">
      <Filter>头文件\Modules</Filter>
    </ClInclude>
    <ClInclude Include="Module3.h">
      <Filter>头文件\Modules</Filter>
    </ClInclude>
    <ClInclude Include="resource.h">
      <Filter>头文件</Filter>
    </ClInclude>
    <ClInclude Include="Module2.h">
      <Filter>头文件\Modules</Filter>
    </ClInclude>
    <ClInclude Include="Module5.h">
      <Filter>头文件\Modules</Filter>
    </ClInclude>
    <ClInclude Include="Module10.h">
      <Filter>头文件\Modules</Filter>
    </ClInclude>
    <ClInclude Include="Module11.h">
      <Filter>头文件\Modules</Filter>
    </ClInclude>
    <ClInclude Include="Module12.h">
      <Filter>头文件\Modules</Filter>
    </ClInclude>
    <ClInclude Include="Module4.h">
      <Filter>头文件\Modules</Filter>
    </ClInclude>
    <ClInclude Include="Module9.h">
      <Filter>头文件\Modules</Filter>
    </ClInclude>
    <ClInclude Include="Module7.h">
      <Filter>头文件\Modules</Filter>
    </ClInclude>
    <ClInclude Include="Module8.h">
      <Filter>头文件\Modules</Filter>
    </ClInclude>
    <ClInclude Include="Module6.h">
      <Filter>头文件\Modules</Filter>
    </ClInclude>
    <ClInclude Include="ImageDisplay.h">
      <Filter>头文件\Tools</Filter>
    </ClInclude>
    <ClInclude Include="mytool.h">
      <Filter>头文件\Tools</Filter>
    </ClInclude>
    <ClInclude Include="win.h">
      <Filter>头文件\Tools</Filter>
    </ClInclude>
  </ItemGroup>
  <ItemGroup>
    <None Include="readme.md">
      <Filter>资源文件</Filter>
    </None>
  </ItemGroup>
  <ItemGroup>
    <ResourceCompile Include="BombManualAssistantPP.rc">
      <Filter>资源文件</Filter>
    </ResourceCompile>
  </ItemGroup>
  <ItemGroup>
    <Image Include="键盘编码.bmp">
      <Filter>资源文件</Filter>
    </Image>
  </ItemGroup>
</Project>